
Microsoft Visual Studio Solution File, Format Version 12.00
# Visual Studio Version 16
VisualStudioVersion = 16.0.29102.190
MinimumVisualStudioVersion = 10.0.40219.1
Project("{FAE04EC0-301F-11D3-BF4B-00C04F79EFBC}") = "Browser", "Browser\Browser.csproj", "{4AE228CE-F4A7-463A-BEBE-A2698079E595}"
EndProject
Global
	GlobalSection(SolutionConfigurationPlatforms) = preSolution
		Debug|Any CPU = Debug|Any CPU
		Release|Any CPU = Release|Any CPU
	EndGlobalSection
	GlobalSection(ProjectConfigurationPlatforms) = postSolution
		{4AE228CE-F4A7-463A-BEBE-A2698079E595}.Debug|Any CPU.ActiveCfg = Debug|Any CPU
		{4AE228CE-F4A7-463A-BEBE-A2698079E595}.Debug|Any CPU.Build.0 = Debug|Any CPU
		{4AE228CE-F4A7-463A-BEBE-A2698079E595}.Release|Any CPU.ActiveCfg = Release|Any CPU
		{4AE228CE-F4A7-463A-BEBE-A2698079E595}.Release|Any CPU.Build.0 = Release|Any CPU
	EndGlobalSection
	GlobalSection(SolutionProperties) = preSolution
		HideSolutionNode = FALSE
	EndGlobalSection
	GlobalSection(ExtensibilityGlobals) = postSolution
		SolutionGuid = {4B6337DF-DF34-4587-BBC0-41E0B62DCA45}
	EndGlobalSection
EndGlobal
